
Microsoft Visual Studio Solution File, Format Version 12.00
# Visual Studio Version 17
VisualStudioVersion = 17.14.36401.2 d17.14
MinimumVisualStudioVersion = 10.0.40219.1
Project("{FAE04EC0-301F-11D3-BF4B-00C04F79EFBC}") = "JokesAppProject", "JokesAppProject\JokesAppProject.csproj", "{31D63C74-9F48-414D-BC26-8458405C5118}"
EndProject
Global
	GlobalSection(SolutionConfigurationPlatforms) = preSolution
		Debug|Any CPU = Debug|Any CPU
		Release|Any CPU = Release|Any CPU
	EndGlobalSection
	GlobalSection(ProjectConfigurationPlatforms) = postSolution
		{31D63C74-9F48-414D-BC26-8458405C5118}.Debug|Any CPU.ActiveCfg = Debug|Any CPU
		{31D63C74-9F48-414D-BC26-8458405C5118}.Debug|Any CPU.Build.0 = Debug|Any CPU
		{31D63C74-9F48-414D-BC26-8458405C5118}.Release|Any CPU.ActiveCfg = Release|Any CPU
		{31D63C74-9F48-414D-BC26-8458405C5118}.Release|Any CPU.Build.0 = Release|Any CPU
	EndGlobalSection
	GlobalSection(SolutionProperties) = preSolution
		HideSolutionNode = FALSE
	EndGlobalSection
	GlobalSection(ExtensibilityGlobals) = postSolution
		SolutionGuid = {3953F7D9-2065-4AB4-9187-5B5CB528F000}
	EndGlobalSection
EndGlobal
